
Microsoft Visual Studio Solution File, Format Version 12.00
# Visual Studio 14
VisualStudioVersion = 14.0.25420.1
MinimumVisualStudioVersion = 10.0.40219.1
Project("{FAE04EC0-301F-11D3-BF4B-00C04F79EFBC}") = "ProyectoDIAndres", "ProyectoDIAndres\ProyectoDIAndres.csproj", "{79F9C09A-2651-4DE8-A728-A45D21B7B92E}"
EndProject
Global
	GlobalSection(SolutionConfigurationPlatforms) = preSolution
		Debug|Any CPU = Debug|Any CPU
		Release|Any CPU = Release|Any CPU
	EndGlobalSection
	GlobalSection(ProjectConfigurationPlatforms) = postSolution
		{79F9C09A-2651-4DE8-A728-A45D21B7B92E}.Debug|Any CPU.ActiveCfg = Debug|Any CPU
		{79F9C09A-2651-4DE8-A728-A45D21B7B92E}.Debug|Any CPU.Build.0 = Debug|Any CPU
		{79F9C09A-2651-4DE8-A728-A45D21B7B92E}.Release|Any CPU.ActiveCfg = Release|Any CPU
		{79F9C09A-2651-4DE8-A728-A45D21B7B92E}.Release|Any CPU.Build.0 = Release|Any CPU
	EndGlobalSection
	GlobalSection(SolutionProperties) = preSolution
		HideSolutionNode = FALSE
	EndGlobalSection
EndGlobal
